
Microsoft Visual Studio Solution File, Format Version 12.00
# Visual Studio Version 17
VisualStudioVersion = 17.7.34024.191
MinimumVisualStudioVersion = 10.0.40219.1
Project("{FAE04EC0-301F-11D3-BF4B-00C04F79EFBC}") = "foodtrackingcodefirst", "foodtrackingcodefirst\foodtrackingcodefirst.csproj", "{A9BA8A26-886A-45E9-9094-CF5845AFB13A}"
EndProject
Global
	GlobalSection(SolutionConfigurationPlatforms) = preSolution
		Debug|Any CPU = Debug|Any CPU
		Release|Any CPU = Release|Any CPU
	EndGlobalSection
	GlobalSection(ProjectConfigurationPlatforms) = postSolution
		{A9BA8A26-886A-45E9-9094-CF5845AFB13A}.Debug|Any CPU.ActiveCfg = Debug|Any CPU
		{A9BA8A26-886A-45E9-9094-CF5845AFB13A}.Debug|Any CPU.Build.0 = Debug|Any CPU
		{A9BA8A26-886A-45E9-9094-CF5845AFB13A}.Release|Any CPU.ActiveCfg = Release|Any CPU
		{A9BA8A26-886A-45E9-9094-CF5845AFB13A}.Release|Any CPU.Build.0 = Release|Any CPU
	EndGlobalSection
	GlobalSection(SolutionProperties) = preSolution
		HideSolutionNode = FALSE
	EndGlobalSection
	GlobalSection(ExtensibilityGlobals) = postSolution
		SolutionGuid = {CFFA6A1C-C250-4480-8974-78AB127C266F}
	EndGlobalSection
EndGlobal
